
Microsoft Visual Studio Solution File, Format Version 12.00
# Visual Studio Version 16
VisualStudioVersion = 16.0.30717.126
MinimumVisualStudioVersion = 15.0.26124.0
Project("{FAE04EC0-301F-11D3-BF4B-00C04F79EFBC}") = "DotnetSerializationCompressionBenchmark", "src\DotnetSerializationCompressionBenchmark\DotnetSerializationCompressionBenchmark.csproj", "{A77458E0-733C-42C0-ABC4-BAFBE35F9F22}"
EndProject
Global
	GlobalSection(SolutionConfigurationPlatforms) = preSolution
		Debug|Any CPU = Debug|Any CPU
		Debug|x64 = Debug|x64
		Debug|x86 = Debug|x86
		Release|Any CPU = Release|Any CPU
		Release|x64 = Release|x64
		Release|x86 = Release|x86
	EndGlobalSection
	GlobalSection(ProjectConfigurationPlatforms) = postSolution
		{A77458E0-733C-42C0-ABC4-BAFBE35F9F22}.Debug|Any CPU.ActiveCfg = Debug|Any CPU
		{A77458E0-733C-42C0-ABC4-BAFBE35F9F22}.Debug|Any CPU.Build.0 = Debug|Any CPU
		{A77458E0-733C-42C0-ABC4-BAFBE35F9F22}.Debug|x64.ActiveCfg = Debug|Any CPU
		{A77458E0-733C-42C0-ABC4-BAFBE35F9F22}.Debug|x64.Build.0 = Debug|Any CPU
		{A77458E0-733C-42C0-ABC4-BAFBE35F9F22}.Debug|x86.ActiveCfg = Debug|Any CPU
		{A77458E0-733C-42C0-ABC4-BAFBE35F9F22}.Debug|x86.Build.0 = Debug|Any CPU
		{A77458E0-733C-42C0-ABC4-BAFBE35F9F22}.Release|Any CPU.ActiveCfg = Release|Any CPU
		{A77458E0-733C-42C0-ABC4-BAFBE35F9F22}.Release|Any CPU.Build.0 = Release|Any CPU
		{A77458E0-733C-42C0-ABC4-BAFBE35F9F22}.Release|x64.ActiveCfg = Release|Any CPU
		{A77458E0-733C-42C0-ABC4-BAFBE35F9F22}.Release|x64.Build.0 = Release|Any CPU
		{A77458E0-733C-42C0-ABC4-BAFBE35F9F22}.Release|x86.ActiveCfg = Release|Any CPU
		{A77458E0-733C-42C0-ABC4-BAFBE35F9F22}.Release|x86.Build.0 = Release|Any CPU
	EndGlobalSection
	GlobalSection(SolutionProperties) = preSolution
		HideSolutionNode = FALSE
	EndGlobalSection
	GlobalSection(ExtensibilityGlobals) = postSolution
		SolutionGuid = {C6FA6ECC-0878-4BD1-9BCC-84E5E3F2D577}
	EndGlobalSection
EndGlobal
